
Microsoft Visual Studio Solution File, Format Version 12.00
# Visual Studio Version 16
VisualStudioVersion = 16.0.29418.71
MinimumVisualStudioVersion = 10.0.40219.1
Project("{FAE04EC0-301F-11D3-BF4B-00C04F79EFBC}") = "EsTecnoVacanze", "EsTecnoVacanze\EsTecnoVacanze.csproj", "{7F11B9E8-F46A-439D-B244-0E98C9FE6803}"
EndProject
Global
	GlobalSection(SolutionConfigurationPlatforms) = preSolution
		Debug|Any CPU = Debug|Any CPU
		Release|Any CPU = Release|Any CPU
	EndGlobalSection
	GlobalSection(ProjectConfigurationPlatforms) = postSolution
		{7F11B9E8-F46A-439D-B244-0E98C9FE6803}.Debug|Any CPU.ActiveCfg = Debug|Any CPU
		{7F11B9E8-F46A-439D-B244-0E98C9FE6803}.Debug|Any CPU.Build.0 = Debug|Any CPU
		{7F11B9E8-F46A-439D-B244-0E98C9FE6803}.Release|Any CPU.ActiveCfg = Release|Any CPU
		{7F11B9E8-F46A-439D-B244-0E98C9FE6803}.Release|Any CPU.Build.0 = Release|Any CPU
	EndGlobalSection
	GlobalSection(SolutionProperties) = preSolution
		HideSolutionNode = FALSE
	EndGlobalSection
	GlobalSection(ExtensibilityGlobals) = postSolution
		SolutionGuid = {47F0464A-F68C-4159-9131-DB2C8589D7F3}
	EndGlobalSection
EndGlobal
